
Microsoft Visual Studio Solution File, Format Version 12.00
# Visual Studio Version 17
VisualStudioVersion = 17.4.33213.308
MinimumVisualStudioVersion = 10.0.40219.1
Project("{FAE04EC0-301F-11D3-BF4B-00C04F79EFBC}") = "AM.Console", "AM.Console\AM.Console.csproj", "{D32F24BD-8AE1-47FB-84D8-3DD9F385BE5E}"
EndProject
Global
	GlobalSection(SolutionConfigurationPlatforms) = preSolution
		Debug|Any CPU = Debug|Any CPU
		Release|Any CPU = Release|Any CPU
	EndGlobalSection
	GlobalSection(ProjectConfigurationPlatforms) = postSolution
		{D32F24BD-8AE1-47FB-84D8-3DD9F385BE5E}.Debug|Any CPU.ActiveCfg = Debug|Any CPU
		{D32F24BD-8AE1-47FB-84D8-3DD9F385BE5E}.Debug|Any CPU.Build.0 = Debug|Any CPU
		{D32F24BD-8AE1-47FB-84D8-3DD9F385BE5E}.Release|Any CPU.ActiveCfg = Release|Any CPU
		{D32F24BD-8AE1-47FB-84D8-3DD9F385BE5E}.Release|Any CPU.Build.0 = Release|Any CPU
	EndGlobalSection
	GlobalSection(SolutionProperties) = preSolution
		HideSolutionNode = FALSE
	EndGlobalSection
	GlobalSection(ExtensibilityGlobals) = postSolution
		SolutionGuid = {D1E64D41-A792-477A-AD37-3A3C4909329C}
	EndGlobalSection
EndGlobal
